
Microsoft Visual Studio Solution File, Format Version 12.00
# Visual Studio 15
VisualStudioVersion = 15.0.28307.421
MinimumVisualStudioVersion = 10.0.40219.1
Project("{FAE04EC0-301F-11D3-BF4B-00C04F79EFBC}") = "Monolitycznie", "Monolitycznie\Monolitycznie.csproj", "{D138FF2F-59DE-4E7D-A485-B71D53F040C7}"
EndProject
Project("{FAE04EC0-301F-11D3-BF4B-00C04F79EFBC}") = "Proceduralnie", "Proceduralnie\Proceduralnie.csproj", "{43436B40-D898-4475-88FC-FC58D2E15D1C}"
EndProject
Project("{FAE04EC0-301F-11D3-BF4B-00C04F79EFBC}") = "GraLib", "GraLib\GraLib.csproj", "{B8F46897-5BAE-4A19-8D3B-5FDE9AE18C47}"
EndProject
Project("{FAE04EC0-301F-11D3-BF4B-00C04F79EFBC}") = "ConsoleAppGra", "ConsoleAppGra\ConsoleAppGra.csproj", "{E10FF136-E100-44EE-BCD7-AA9506201DD8}"
EndProject
Project("{FAE04EC0-301F-11D3-BF4B-00C04F79EFBC}") = "GraGUI", "GraGUI\GraGUI.csproj", "{1D883449-3910-4BBC-A9B0-F03BC5B9FA0F}"
EndProject
Global
	GlobalSection(SolutionConfigurationPlatforms) = preSolution
		Debug|Any CPU = Debug|Any CPU
		Release|Any CPU = Release|Any CPU
	EndGlobalSection
	GlobalSection(ProjectConfigurationPlatforms) = postSolution
		{D138FF2F-59DE-4E7D-A485-B71D53F040C7}.Debug|Any CPU.ActiveCfg = Debug|Any CPU
		{D138FF2F-59DE-4E7D-A485-B71D53F040C7}.Debug|Any CPU.Build.0 = Debug|Any CPU
		{D138FF2F-59DE-4E7D-A485-B71D53F040C7}.Release|Any CPU.ActiveCfg = Release|Any CPU
		{D138FF2F-59DE-4E7D-A485-B71D53F040C7}.Release|Any CPU.Build.0 = Release|Any CPU
		{43436B40-D898-4475-88FC-FC58D2E15D1C}.Debug|Any CPU.ActiveCfg = Debug|Any CPU
		{43436B40-D898-4475-88FC-FC58D2E15D1C}.Debug|Any CPU.Build.0 = Debug|Any CPU
		{43436B40-D898-4475-88FC-FC58D2E15D1C}.Release|Any CPU.ActiveCfg = Release|Any CPU
		{43436B40-D898-4475-88FC-FC58D2E15D1C}.Release|Any CPU.Build.0 = Release|Any CPU
		{B8F46897-5BAE-4A19-8D3B-5FDE9AE18C47}.Debug|Any CPU.ActiveCfg = Debug|Any CPU
		{B8F46897-5BAE-4A19-8D3B-5FDE9AE18C47}.Debug|Any CPU.Build.0 = Debug|Any CPU
		{B8F46897-5BAE-4A19-8D3B-5FDE9AE18C47}.Release|Any CPU.ActiveCfg = Release|Any CPU
		{B8F46897-5BAE-4A19-8D3B-5FDE9AE18C47}.Release|Any CPU.Build.0 = Release|Any CPU
		{E10FF136-E100-44EE-BCD7-AA9506201DD8}.Debug|Any CPU.ActiveCfg = Debug|Any CPU
		{E10FF136-E100-44EE-BCD7-AA9506201DD8}.Debug|Any CPU.Build.0 = Debug|Any CPU
		{E10FF136-E100-44EE-BCD7-AA9506201DD8}.Release|Any CPU.ActiveCfg = Release|Any CPU
		{E10FF136-E100-44EE-BCD7-AA9506201DD8}.Release|Any CPU.Build.0 = Release|Any CPU
		{1D883449-3910-4BBC-A9B0-F03BC5B9FA0F}.Debug|Any CPU.ActiveCfg = Debug|Any CPU
		{1D883449-3910-4BBC-A9B0-F03BC5B9FA0F}.Debug|Any CPU.Build.0 = Debug|Any CPU
		{1D883449-3910-4BBC-A9B0-F03BC5B9FA0F}.Release|Any CPU.ActiveCfg = Release|Any CPU
		{1D883449-3910-4BBC-A9B0-F03BC5B9FA0F}.Release|Any CPU.Build.0 = Release|Any CPU
	EndGlobalSection
	GlobalSection(SolutionProperties) = preSolution
		HideSolutionNode = FALSE
	EndGlobalSection
	GlobalSection(ExtensibilityGlobals) = postSolution
		SolutionGuid = {C61DDB57-B4FD-4891-8D37-B1D264A6C244}
	EndGlobalSection
EndGlobal
